<?xml version="1.0" encoding="utf-8"?>
<Project ToolsVersion="4.0" xmlns="http://schemas.microsoft.com/developer/msbuild/2003">
  <ItemGroup>
    <ClInclude Include="__vm\.DSMCUArdProArdumotoMain.vsarduino.h" />
    <ClInclude Include="src\DSMCUArdProArdumoto.h">
      <Filter>Header Files</Filter>
    </ClInclude>
    <ClInclude Include="src\DriveSystemPacketDefs.h">
      <Filter>Header Files</Filter>
    </ClInclude>
  </ItemGroup>
  <ItemGroup>
    <None Include="DSMCUArdProArdumotoMain.ino" />
    <None Include="src\arduino folders read me.txt" />
  </ItemGroup>
  <ItemGroup>
    <Filter Include="Header Files">
      <UniqueIdentifier>{2eabdeda-a474-472e-a45d-921769ff6260}</UniqueIdentifier>
    </Filter>
    <Filter Include="Source Files">
      <UniqueIdentifier>{7be49fd1-e2f8-4061-a241-77cda891cb09}</UniqueIdentifier>
    </Filter>
  </ItemGroup>
  <ItemGroup>
    <ClCompile Include="src\DSMCUArdProArdumoto.cpp">
      <Filter>Source Files</Filter>
    </ClCompile>
  </ItemGroup>
</Project>